
Microsoft Visual Studio Solution File, Format Version 12.00
# Visual Studio Version 16
VisualStudioVersion = 16.0.31911.196
MinimumVisualStudioVersion = 10.0.40219.1
Project("{FAE04EC0-301F-11D3-BF4B-00C04F79EFBC}") = "Movie", "Movie\Movie.csproj", "{F30055F5-F297-4216-BC8E-83BF6F793C37}"
EndProject
Global
	GlobalSection(SolutionConfigurationPlatforms) = preSolution
		Debug|Any CPU = Debug|Any CPU
		Release|Any CPU = Release|Any CPU
	EndGlobalSection
	GlobalSection(ProjectConfigurationPlatforms) = postSolution
		{F30055F5-F297-4216-BC8E-83BF6F793C37}.Debug|Any CPU.ActiveCfg = Debug|Any CPU
		{F30055F5-F297-4216-BC8E-83BF6F793C37}.Debug|Any CPU.Build.0 = Debug|Any CPU
		{F30055F5-F297-4216-BC8E-83BF6F793C37}.Release|Any CPU.ActiveCfg = Release|Any CPU
		{F30055F5-F297-4216-BC8E-83BF6F793C37}.Release|Any CPU.Build.0 = Release|Any CPU
	EndGlobalSection
	GlobalSection(SolutionProperties) = preSolution
		HideSolutionNode = FALSE
	EndGlobalSection
	GlobalSection(ExtensibilityGlobals) = postSolution
		SolutionGuid = {4BFD86C3-0912-4AF5-BA5A-E5A428814AAF}
	EndGlobalSection
EndGlobal
